
Microsoft Visual Studio Solution File, Format Version 12.00
# Visual Studio 15
Project("{FAE04EC0-301F-11D3-BF4B-00C04F79EFBC}") = "Unity.Timeline", "Unity.Timeline.csproj", "{5CF7AF4E-771A-E97D-B7F7-71CD7D937501}"
EndProject
Project("{FAE04EC0-301F-11D3-BF4B-00C04F79EFBC}") = "Unity.RenderPipelines.GPUDriven.Runtime", "Unity.RenderPipelines.GPUDriven.Runtime.csproj", "{7A9DDBA4-EC6B-4454-A6E8-9D10AA2CEE6A}"
EndProject
Project("{FAE04EC0-301F-11D3-BF4B-00C04F79EFBC}") = "Unity.PlasticSCM.Editor", "Unity.PlasticSCM.Editor.csproj", "{B51BFE87-6546-62F5-BFF5-B21871C8B05D}"
EndProject
Project("{FAE04EC0-301F-11D3-BF4B-00C04F79EFBC}") = "Unity.ShaderGraph.Editor", "Unity.ShaderGraph.Editor.csproj", "{AFDB61AD-907B-7C6E-A122-1293473FA136}"
EndProject
Project("{FAE04EC0-301F-11D3-BF4B-00C04F79EFBC}") = "Unity.RenderPipelines.Core.Runtime", "Unity.RenderPipelines.Core.Runtime.csproj", "{670BDD8E-390A-9629-8DF1-F3DEBF498B7B}"
EndProject
Project("{FAE04EC0-301F-11D3-BF4B-00C04F79EFBC}") = "Unity.Mathematics", "Unity.Mathematics.csproj", "{AAA99172-9F5C-512D-8179-41AB8B007736}"
EndProject
Project("{FAE04EC0-301F-11D3-BF4B-00C04F79EFBC}") = "Unity.Timeline.Editor", "Unity.Timeline.Editor.csproj", "{15AAA608-4D9E-58B3-ABE2-E25EC604F2F4}"
EndProject
Project("{FAE04EC0-301F-11D3-BF4B-00C04F79EFBC}") = "Unity.Multiplayer.Center.Editor", "Unity.Multiplayer.Center.Editor.csproj", "{2F224644-99C9-E9CD-D413-E2689D2ACBC0}"
EndProject
Project("{FAE04EC0-301F-11D3-BF4B-00C04F79EFBC}") = "Unity.RenderPipelines.Core.Editor", "Unity.RenderPipelines.Core.Editor.csproj", "{A90A65F2-1552-0942-FDC2-04FC9F04B055}"
EndProject
Project("{FAE04EC0-301F-11D3-BF4B-00C04F79EFBC}") = "Unity.Collections", "Unity.Collections.csproj", "{3081D231-C160-7AD1-1F90-78BF13C23CAE}"
EndProject
Project("{FAE04EC0-301F-11D3-BF4B-00C04F79EFBC}") = "UnityEngine.UI", "UnityEngine.UI.csproj", "{9DC1406E-DFFF-9EC0-9588-E59AC9EE7BE9}"
EndProject
Project("{FAE04EC0-301F-11D3-BF4B-00C04F79EFBC}") = "Unity.RenderPipelines.Universal.2D.Runtime", "Unity.RenderPipelines.Universal.2D.Runtime.csproj", "{167D981E-AB22-BEA6-5D97-C6C8C9AEDC04}"
EndProject
Project("{FAE04EC0-301F-11D3-BF4B-00C04F79EFBC}") = "Unity.VisualScripting.Core.Editor", "Unity.VisualScripting.Core.Editor.csproj", "{B845D472-2A7D-7B15-BBB1-E99B1A002791}"
EndProject
Project("{FAE04EC0-301F-11D3-BF4B-00C04F79EFBC}") = "Unity.RenderPipelines.Universal.Editor", "Unity.RenderPipelines.Universal.Editor.csproj", "{672B1707-8395-CA1D-1F20-8A74D7B375A3}"
EndProject
Project("{FAE04EC0-301F-11D3-BF4B-00C04F79EFBC}") = "Unity.PerformanceTesting.Editor", "Unity.PerformanceTesting.Editor.csproj", "{E4784966-8537-5C3C-F498-1DF67041A5F5}"
EndProject
Project("{FAE04EC0-301F-11D3-BF4B-00C04F79EFBC}") = "UnityEngine.TestRunner", "UnityEngine.TestRunner.csproj", "{45717CA0-093A-3711-230B-D488B3C63319}"
EndProject
Project("{FAE04EC0-301F-11D3-BF4B-00C04F79EFBC}") = "Unity.Burst", "Unity.Burst.csproj", "{746B102B-0971-3E97-A0FF-04460CE4A334}"
EndProject
Project("{FAE04EC0-301F-11D3-BF4B-00C04F79EFBC}") = "Unity.VisualScripting.Flow.Editor", "Unity.VisualScripting.Flow.Editor.csproj", "{533349ED-E4D9-A383-8B9F-12A22EB5E66D}"
EndProject
Project("{FAE04EC0-301F-11D3-BF4B-00C04F79EFBC}") = "Unity.VisualStudio.Editor", "Unity.VisualStudio.Editor.csproj", "{6244C606-066F-24DF-D0E3-D8DC0216B50D}"
EndProject
Project("{FAE04EC0-301F-11D3-BF4B-00C04F79EFBC}") = "Unity.InputSystem", "Unity.InputSystem.csproj", "{764ED3A0-4B71-5E25-D172-7A0144834D34}"
EndProject
Project("{FAE04EC0-301F-11D3-BF4B-00C04F79EFBC}") = "PPv2URPConverters", "PPv2URPConverters.csproj", "{73130426-3C87-B354-6C1B-112FF2ED68D5}"
EndProject
Project("{FAE04EC0-301F-11D3-BF4B-00C04F79EFBC}") = "Unity.Searcher.Editor", "Unity.Searcher.Editor.csproj", "{ABF13431-09EC-E525-AC33-E36475B1B647}"
EndProject
Project("{FAE04EC0-301F-11D3-BF4B-00C04F79EFBC}") = "UnityEditor.TestRunner", "UnityEditor.TestRunner.csproj", "{F344DE9A-BBFF-BE7C-7C1E-8437B527D485}"
EndProject
Project("{FAE04EC0-301F-11D3-BF4B-00C04F79EFBC}") = "Unity.VisualScripting.Core", "Unity.VisualScripting.Core.csproj", "{17FFC74C-4EC6-AB3C-756C-A8818EE3D6B5}"
EndProject
Project("{FAE04EC0-301F-11D3-BF4B-00C04F79EFBC}") = "Unity.RenderPipelines.Universal.Runtime", "Unity.RenderPipelines.Universal.Runtime.csproj", "{9486D551-ADA9-61AB-4F3B-1824BB3A4F6F}"
EndProject
Project("{FAE04EC0-301F-11D3-BF4B-00C04F79EFBC}") = "Unity.CollabProxy.Editor", "Unity.CollabProxy.Editor.csproj", "{208E4B67-9537-DE35-3F1F-0F14891752AA}"
EndProject
Project("{FAE04EC0-301F-11D3-BF4B-00C04F79EFBC}") = "Unity.AI.Navigation.Editor.ConversionSystem", "Unity.AI.Navigation.Editor.ConversionSystem.csproj", "{96A26CDC-9AA0-E887-5F28-6BE050257ECA}"
EndProject
Project("{FAE04EC0-301F-11D3-BF4B-00C04F79EFBC}") = "Unity.VisualScripting.State.Editor", "Unity.VisualScripting.State.Editor.csproj", "{40FAFE4D-2D92-EFDE-C646-F6BE658A163E}"
EndProject
Project("{FAE04EC0-301F-11D3-BF4B-00C04F79EFBC}") = "Unity.Burst.CodeGen", "Unity.Burst.CodeGen.csproj", "{D92822AE-8145-22E9-458E-A6AD109AB379}"
EndProject
Project("{FAE04EC0-301F-11D3-BF4B-00C04F79EFBC}") = "Unity.VisualScripting.Flow", "Unity.VisualScripting.Flow.csproj", "{6DE4A427-7F67-01F0-F109-11F92CE5AEE0}"
EndProject
Project("{FAE04EC0-301F-11D3-BF4B-00C04F79EFBC}") = "Unity.PerformanceTesting", "Unity.PerformanceTesting.csproj", "{706D9A0F-C0F7-471C-1FE5-748DAA8AD127}"
EndProject
Project("{FAE04EC0-301F-11D3-BF4B-00C04F79EFBC}") = "Unity.TextMeshPro", "Unity.TextMeshPro.csproj", "{73683E23-1988-62C7-7466-7C42DBBD2041}"
EndProject
Project("{FAE04EC0-301F-11D3-BF4B-00C04F79EFBC}") = "Unity.TextMeshPro.Editor", "Unity.TextMeshPro.Editor.csproj", "{ABB26C89-E014-94E3-D87B-C391FC29C37C}"
EndProject
Project("{FAE04EC0-301F-11D3-BF4B-00C04F79EFBC}") = "Unity.Rendering.LightTransport.Runtime", "Unity.Rendering.LightTransport.Runtime.csproj", "{EB7D937B-5485-35F9-2E3E-50296CB24096}"
EndProject
Project("{FAE04EC0-301F-11D3-BF4B-00C04F79EFBC}") = "Unity.Burst.Editor", "Unity.Burst.Editor.csproj", "{0036F32E-A8A7-7810-52C1-743F75D2440C}"
EndProject
Project("{FAE04EC0-301F-11D3-BF4B-00C04F79EFBC}") = "Unity.Rider.Editor", "Unity.Rider.Editor.csproj", "{866F7519-DBD6-BAA8-9D77-52C523870FB2}"
EndProject
Project("{FAE04EC0-301F-11D3-BF4B-00C04F79EFBC}") = "Unity.VisualScripting.State", "Unity.VisualScripting.State.csproj", "{0A7AEC58-98B6-24A2-8126-5EE9CF2AD170}"
EndProject
Project("{FAE04EC0-301F-11D3-BF4B-00C04F79EFBC}") = "Unity.AI.Navigation.Updater", "Unity.AI.Navigation.Updater.csproj", "{166A55F0-F002-8701-B080-3F17FB65C5BD}"
EndProject
Project("{FAE04EC0-301F-11D3-BF4B-00C04F79EFBC}") = "UnityEditor.UI", "UnityEditor.UI.csproj", "{3B700CE6-2AAC-855F-EC73-4B6C08256D8F}"
EndProject
Project("{FAE04EC0-301F-11D3-BF4B-00C04F79EFBC}") = "Unity.AI.Navigation.Editor", "Unity.AI.Navigation.Editor.csproj", "{392CCC69-7E8E-D804-04AD-6A513AE3518D}"
EndProject
Project("{FAE04EC0-301F-11D3-BF4B-00C04F79EFBC}") = "Unity.2D.Sprite.Editor", "Unity.2D.Sprite.Editor.csproj", "{506EDE06-DBFA-6E8B-545A-101055CD7A5A}"
EndProject
Project("{FAE04EC0-301F-11D3-BF4B-00C04F79EFBC}") = "Unity.Multiplayer.Center.Common", "Unity.Multiplayer.Center.Common.csproj", "{F6DA7E70-F6E6-5328-A611-544B626AF85E}"
EndProject
Project("{FAE04EC0-301F-11D3-BF4B-00C04F79EFBC}") = "Unity.InputSystem.ForUI", "Unity.InputSystem.ForUI.csproj", "{89C26DCC-0B90-12EB-3B30-BFC6C195497C}"
EndProject
Project("{FAE04EC0-301F-11D3-BF4B-00C04F79EFBC}") = "Unity.AI.Navigation", "Unity.AI.Navigation.csproj", "{F2F5DAC7-934A-4945-4913-32D3591ED52B}"
EndProject
Project("{FAE04EC0-301F-11D3-BF4B-00C04F79EFBC}") = "Unity.Collections.CodeGen", "Unity.Collections.CodeGen.csproj", "{358D1EBD-5C29-EF0B-59FF-A72DF05060BC}"
EndProject
Project("{FAE04EC0-301F-11D3-BF4B-00C04F79EFBC}") = "Unity.Mathematics.Editor", "Unity.Mathematics.Editor.csproj", "{DD1F5908-2D5A-5060-4E5C-76D62C647F00}"
EndProject
Project("{FAE04EC0-301F-11D3-BF4B-00C04F79EFBC}") = "Unity.VisualScripting.SettingsProvider.Editor", "Unity.VisualScripting.SettingsProvider.Editor.csproj", "{A244D019-30EF-4B2A-B6E4-53B8DD8E051D}"
EndProject
Project("{FAE04EC0-301F-11D3-BF4B-00C04F79EFBC}") = "Assembly-CSharp-Editor", "Assembly-CSharp-Editor.csproj", "{A049E11F-F38A-66B5-006A-A07F6CA4648E}"
EndProject
Project("{FAE04EC0-301F-11D3-BF4B-00C04F79EFBC}") = "Assembly-CSharp", "Assembly-CSharp.csproj", "{84DDAE3D-2E85-44DE-C696-88A9AAC09F5E}"
EndProject
Project("{FAE04EC0-301F-11D3-BF4B-00C04F79EFBC}") = "Unity.InputSystem.TestFramework", "Unity.InputSystem.TestFramework.csproj", "{F95A9CAA-98CC-A6CB-9083-7AACE8AE1664}"
EndProject
Project("{FAE04EC0-301F-11D3-BF4B-00C04F79EFBC}") = "Unity.ShaderGraph.Utilities", "Unity.ShaderGraph.Utilities.csproj", "{3819D209-B695-C5D1-1FC0-CFA11926DD48}"
EndProject
Project("{FAE04EC0-301F-11D3-BF4B-00C04F79EFBC}") = "Unity.VisualScripting.Shared.Editor", "Unity.VisualScripting.Shared.Editor.csproj", "{F0BFE8AC-6B8C-2DF1-3589-1A727DEDD073}"
EndProject
Project("{FAE04EC0-301F-11D3-BF4B-00C04F79EFBC}") = "Unity.RenderPipeline.Universal.ShaderLibrary", "Unity.RenderPipeline.Universal.ShaderLibrary.csproj", "{AB62F03A-9FBD-AFC5-8042-D5DDE203A64B}"
EndProject
Project("{FAE04EC0-301F-11D3-BF4B-00C04F79EFBC}") = "Unity.Rendering.LightTransport.Editor", "Unity.Rendering.LightTransport.Editor.csproj", "{C69A309A-4A5A-A580-DDCD-F0C1A5DFB5B1}"
EndProject
Project("{FAE04EC0-301F-11D3-BF4B-00C04F79EFBC}") = "Unity.RenderPipelines.Universal.Shaders", "Unity.RenderPipelines.Universal.Shaders.csproj", "{A58205D6-3121-2B7E-8A33-0154C0574CE1}"
EndProject
Project("{FAE04EC0-301F-11D3-BF4B-00C04F79EFBC}") = "Unity.RenderPipelines.Core.Runtime.Shared", "Unity.RenderPipelines.Core.Runtime.Shared.csproj", "{B13D1419-F0A1-EAD1-4DDD-AC284E58838A}"
EndProject
Project("{FAE04EC0-301F-11D3-BF4B-00C04F79EFBC}") = "Unity.Collections.Editor", "Unity.Collections.Editor.csproj", "{D83B0303-029B-C02B-37DC-26F94ED4D61A}"
EndProject
Project("{FAE04EC0-301F-11D3-BF4B-00C04F79EFBC}") = "Unity.RenderPipelines.Universal.Config.Runtime", "Unity.RenderPipelines.Universal.Config.Runtime.csproj", "{6EDE4F39-CC21-8013-A0F9-B668715E0603}"
EndProject
Project("{FAE04EC0-301F-11D3-BF4B-00C04F79EFBC}") = "Unity.RenderPipelines.ShaderGraph.ShaderGraphLibrary", "Unity.RenderPipelines.ShaderGraph.ShaderGraphLibrary.csproj", "{F406C3D9-79F8-7CF0-C88A-2D8B5260D0EC}"
EndProject
Project("{FAE04EC0-301F-11D3-BF4B-00C04F79EFBC}") = "Unity.RenderPipelines.Core.ShaderLibrary", "Unity.RenderPipelines.Core.ShaderLibrary.csproj", "{82C5FF4B-1302-F5B0-AE04-6E816B8D320C}"
EndProject
Project("{FAE04EC0-301F-11D3-BF4B-00C04F79EFBC}") = "Unity.RenderPipelines.Core.Editor.Shared", "Unity.RenderPipelines.Core.Editor.Shared.csproj", "{B9307E9E-D8EC-71FC-4DF6-C25BC856952B}"
EndProject
Project("{FAE04EC0-301F-11D3-BF4B-00C04F79EFBC}") = "Unity.Timeline", "Unity.Timeline.Player.csproj", "{CADC7F3E-D88B-5F1C-F23F-47621EA638AC}"
EndProject
Project("{FAE04EC0-301F-11D3-BF4B-00C04F79EFBC}") = "Unity.RenderPipelines.GPUDriven.Runtime", "Unity.RenderPipelines.GPUDriven.Runtime.Player.csproj", "{BD083E45-84BD-6DBB-0B45-E886C02CF5B0}"
EndProject
Project("{FAE04EC0-301F-11D3-BF4B-00C04F79EFBC}") = "Unity.RenderPipelines.Core.Runtime", "Unity.RenderPipelines.Core.Runtime.Player.csproj", "{84BE76B9-B558-4A68-34C3-A7DBD657D9AE}"
EndProject
Project("{FAE04EC0-301F-11D3-BF4B-00C04F79EFBC}") = "Unity.Mathematics", "Unity.Mathematics.Player.csproj", "{EFDEDA22-7F98-E9CF-149C-F1C8A270C375}"
EndProject
Project("{FAE04EC0-301F-11D3-BF4B-00C04F79EFBC}") = "Unity.Collections", "Unity.Collections.Player.csproj", "{2936648C-6AC0-92B7-EAA4-5CB9124C8D6B}"
EndProject
Project("{FAE04EC0-301F-11D3-BF4B-00C04F79EFBC}") = "UnityEngine.UI", "UnityEngine.UI.Player.csproj", "{BF34226A-2FF1-9758-7379-FD404FC4B7D0}"
EndProject
Project("{FAE04EC0-301F-11D3-BF4B-00C04F79EFBC}") = "Unity.RenderPipelines.Universal.2D.Runtime", "Unity.RenderPipelines.Universal.2D.Runtime.Player.csproj", "{72A7149C-E634-DE6E-2BD7-049CB2DFCCC4}"
EndProject
Project("{FAE04EC0-301F-11D3-BF4B-00C04F79EFBC}") = "UnityEngine.TestRunner", "UnityEngine.TestRunner.Player.csproj", "{7242BCE8-5F2F-FBC4-6ABF-1A874E9B3D61}"
EndProject
Project("{FAE04EC0-301F-11D3-BF4B-00C04F79EFBC}") = "Unity.Burst", "Unity.Burst.Player.csproj", "{E1894FD9-9CBE-B77B-7C63-8D6BA517781F}"
EndProject
Project("{FAE04EC0-301F-11D3-BF4B-00C04F79EFBC}") = "Unity.InputSystem", "Unity.InputSystem.Player.csproj", "{E3214A67-4F3F-CE80-7179-0A0F8EE5A3E4}"
EndProject
Project("{FAE04EC0-301F-11D3-BF4B-00C04F79EFBC}") = "Unity.VisualScripting.Core", "Unity.VisualScripting.Core.Player.csproj", "{1BFC3D0B-6E76-DF75-771A-9C82C33FAB5F}"
EndProject
Project("{FAE04EC0-301F-11D3-BF4B-00C04F79EFBC}") = "Unity.RenderPipelines.Universal.Runtime", "Unity.RenderPipelines.Universal.Runtime.Player.csproj", "{B333A67C-D8A4-C229-D508-DF4CC1C399E5}"
EndProject
Project("{FAE04EC0-301F-11D3-BF4B-00C04F79EFBC}") = "Unity.VisualScripting.Flow", "Unity.VisualScripting.Flow.Player.csproj", "{7736929B-B501-CA14-7419-B4BE7AFB8EC1}"
EndProject
Project("{FAE04EC0-301F-11D3-BF4B-00C04F79EFBC}") = "Unity.PerformanceTesting", "Unity.PerformanceTesting.Player.csproj", "{07FB37EC-3315-D44D-E9B9-DD18EAA92ACB}"
EndProject
Project("{FAE04EC0-301F-11D3-BF4B-00C04F79EFBC}") = "Unity.TextMeshPro", "Unity.TextMeshPro.Player.csproj", "{758A0B38-D0F7-82C1-729D-1FAC394778A4}"
EndProject
Project("{FAE04EC0-301F-11D3-BF4B-00C04F79EFBC}") = "Unity.Rendering.LightTransport.Runtime", "Unity.Rendering.LightTransport.Runtime.Player.csproj", "{F5C2A654-913F-4CFC-03F7-98358D50B5F6}"
EndProject
Project("{FAE04EC0-301F-11D3-BF4B-00C04F79EFBC}") = "Unity.VisualScripting.State", "Unity.VisualScripting.State.Player.csproj", "{7E2F1FB2-67C0-586D-0DEA-0673543D07EA}"
EndProject
Project("{FAE04EC0-301F-11D3-BF4B-00C04F79EFBC}") = "Unity.Multiplayer.Center.Common", "Unity.Multiplayer.Center.Common.Player.csproj", "{C76A0463-E814-1414-80FC-EC9E4CD37409}"
EndProject
Project("{FAE04EC0-301F-11D3-BF4B-00C04F79EFBC}") = "Unity.InputSystem.ForUI", "Unity.InputSystem.ForUI.Player.csproj", "{400434F2-E07D-8748-0F59-B534EBE91410}"
EndProject
Project("{FAE04EC0-301F-11D3-BF4B-00C04F79EFBC}") = "Unity.AI.Navigation", "Unity.AI.Navigation.Player.csproj", "{82E6FC6F-452A-FD6C-94A5-FAB3993FDA83}"
EndProject
Project("{FAE04EC0-301F-11D3-BF4B-00C04F79EFBC}") = "Assembly-CSharp", "Assembly-CSharp.Player.csproj", "{A77C14F6-6FB2-477B-688E-412BD5BDBB2C}"
EndProject
Project("{FAE04EC0-301F-11D3-BF4B-00C04F79EFBC}") = "Unity.InputSystem.TestFramework", "Unity.InputSystem.TestFramework.Player.csproj", "{630BFC12-BE76-B378-C6A4-F63D98B494A0}"
EndProject
Project("{FAE04EC0-301F-11D3-BF4B-00C04F79EFBC}") = "Unity.RenderPipeline.Universal.ShaderLibrary", "Unity.RenderPipeline.Universal.ShaderLibrary.Player.csproj", "{91F85B50-CC11-758F-8EB9-F54EF4ABD9AE}"
EndProject
Project("{FAE04EC0-301F-11D3-BF4B-00C04F79EFBC}") = "Unity.RenderPipelines.Universal.Shaders", "Unity.RenderPipelines.Universal.Shaders.Player.csproj", "{A559D738-609B-E7DD-64FC-02D1A40B5353}"
EndProject
Project("{FAE04EC0-301F-11D3-BF4B-00C04F79EFBC}") = "Unity.RenderPipelines.Core.Runtime.Shared", "Unity.RenderPipelines.Core.Runtime.Shared.Player.csproj", "{897CA1EB-8D00-FD42-6F24-EF5FF21EBEED}"
EndProject
Project("{FAE04EC0-301F-11D3-BF4B-00C04F79EFBC}") = "Unity.RenderPipelines.Universal.Config.Runtime", "Unity.RenderPipelines.Universal.Config.Runtime.Player.csproj", "{E3CEB690-AFF0-6434-0AEC-953AFD702E4E}"
EndProject
Project("{FAE04EC0-301F-11D3-BF4B-00C04F79EFBC}") = "Unity.RenderPipelines.ShaderGraph.ShaderGraphLibrary", "Unity.RenderPipelines.ShaderGraph.ShaderGraphLibrary.Player.csproj", "{BB60D7E5-B63E-CCE1-47D3-8827C4D97809}"
EndProject
Project("{FAE04EC0-301F-11D3-BF4B-00C04F79EFBC}") = "Unity.RenderPipelines.Core.ShaderLibrary", "Unity.RenderPipelines.Core.ShaderLibrary.Player.csproj", "{7B5904D6-A6EE-3C48-9DF0-C12BBEB4069E}"
EndProject
Global
	GlobalSection(SolutionConfigurationPlatforms) = preSolution
		Debug|Any CPU = Debug|Any CPU
		Release|Any CPU = Release|Any CPU
	EndGlobalSection
	GlobalSection(ProjectConfigurationPlatforms) = postSolution
		{5CF7AF4E-771A-E97D-B7F7-71CD7D937501}.Debug|Any CPU.ActiveCfg = Debug|Any CPU
		{5CF7AF4E-771A-E97D-B7F7-71CD7D937501}.Debug|Any CPU.Build.0 = Debug|Any CPU
		{5CF7AF4E-771A-E97D-B7F7-71CD7D937501}.Release|Any CPU.ActiveCfg = Release|Any CPU
		{5CF7AF4E-771A-E97D-B7F7-71CD7D937501}.Release|Any CPU.Build.0 = Release|Any CPU
		{7A9DDBA4-EC6B-4454-A6E8-9D10AA2CEE6A}.Debug|Any CPU.ActiveCfg = Debug|Any CPU
		{7A9DDBA4-EC6B-4454-A6E8-9D10AA2CEE6A}.Debug|Any CPU.Build.0 = Debug|Any CPU
		{7A9DDBA4-EC6B-4454-A6E8-9D10AA2CEE6A}.Release|Any CPU.ActiveCfg = Release|Any CPU
		{7A9DDBA4-EC6B-4454-A6E8-9D10AA2CEE6A}.Release|Any CPU.Build.0 = Release|Any CPU
		{B51BFE87-6546-62F5-BFF5-B21871C8B05D}.Debug|Any CPU.ActiveCfg = Debug|Any CPU
		{B51BFE87-6546-62F5-BFF5-B21871C8B05D}.Debug|Any CPU.Build.0 = Debug|Any CPU
		{B51BFE87-6546-62F5-BFF5-B21871C8B05D}.Release|Any CPU.ActiveCfg = Release|Any CPU
		{B51BFE87-6546-62F5-BFF5-B21871C8B05D}.Release|Any CPU.Build.0 = Release|Any CPU
		{AFDB61AD-907B-7C6E-A122-1293473FA136}.Debug|Any CPU.ActiveCfg = Debug|Any CPU
		{AFDB61AD-907B-7C6E-A122-1293473FA136}.Debug|Any CPU.Build.0 = Debug|Any CPU
		{AFDB61AD-907B-7C6E-A122-1293473FA136}.Release|Any CPU.ActiveCfg = Release|Any CPU
		{AFDB61AD-907B-7C6E-A122-1293473FA136}.Release|Any CPU.Build.0 = Release|Any CPU
		{670BDD8E-390A-9629-8DF1-F3DEBF498B7B}.Debug|Any CPU.ActiveCfg = Debug|Any CPU
		{670BDD8E-390A-9629-8DF1-F3DEBF498B7B}.Debug|Any CPU.Build.0 = Debug|Any CPU
		{670BDD8E-390A-9629-8DF1-F3DEBF498B7B}.Release|Any CPU.ActiveCfg = Release|Any CPU
		{670BDD8E-390A-9629-8DF1-F3DEBF498B7B}.Release|Any CPU.Build.0 = Release|Any CPU
		{AAA99172-9F5C-512D-8179-41AB8B007736}.Debug|Any CPU.ActiveCfg = Debug|Any CPU
		{AAA99172-9F5C-512D-8179-41AB8B007736}.Debug|Any CPU.Build.0 = Debug|Any CPU
		{AAA99172-9F5C-512D-8179-41AB8B007736}.Release|Any CPU.ActiveCfg = Release|Any CPU
		{AAA99172-9F5C-512D-8179-41AB8B007736}.Release|Any CPU.Build.0 = Release|Any CPU
		{15AAA608-4D9E-58B3-ABE2-E25EC604F2F4}.Debug|Any CPU.ActiveCfg = Debug|Any CPU
		{15AAA608-4D9E-58B3-ABE2-E25EC604F2F4}.Debug|Any CPU.Build.0 = Debug|Any CPU
		{15AAA608-4D9E-58B3-ABE2-E25EC604F2F4}.Release|Any CPU.ActiveCfg = Release|Any CPU
		{15AAA608-4D9E-58B3-ABE2-E25EC604F2F4}.Release|Any CPU.Build.0 = Release|Any CPU
		{2F224644-99C9-E9CD-D413-E2689D2ACBC0}.Debug|Any CPU.ActiveCfg = Debug|Any CPU
		{2F224644-99C9-E9CD-D413-E2689D2ACBC0}.Debug|Any CPU.Build.0 = Debug|Any CPU
		{2F224644-99C9-E9CD-D413-E2689D2ACBC0}.Release|Any CPU.ActiveCfg = Release|Any CPU
		{2F224644-99C9-E9CD-D413-E2689D2ACBC0}.Release|Any CPU.Build.0 = Release|Any CPU
		{A90A65F2-1552-0942-FDC2-04FC9F04B055}.Debug|Any CPU.ActiveCfg = Debug|Any CPU
		{A90A65F2-1552-0942-FDC2-04FC9F04B055}.Debug|Any CPU.Build.0 = Debug|Any CPU
		{A90A65F2-1552-0942-FDC2-04FC9F04B055}.Release|Any CPU.ActiveCfg = Release|Any CPU
		{A90A65F2-1552-0942-FDC2-04FC9F04B055}.Release|Any CPU.Build.0 = Release|Any CPU
		{3081D231-C160-7AD1-1F90-78BF13C23CAE}.Debug|Any CPU.ActiveCfg = Debug|Any CPU
		{3081D231-C160-7AD1-1F90-78BF13C23CAE}.Debug|Any CPU.Build.0 = Debug|Any CPU
		{3081D231-C160-7AD1-1F90-78BF13C23CAE}.Release|Any CPU.ActiveCfg = Release|Any CPU
		{3081D231-C160-7AD1-1F90-78BF13C23CAE}.Release|Any CPU.Build.0 = Release|Any CPU
		{9DC1406E-DFFF-9EC0-9588-E59AC9EE7BE9}.Debug|Any CPU.ActiveCfg = Debug|Any CPU
		{9DC1406E-DFFF-9EC0-9588-E59AC9EE7BE9}.Debug|Any CPU.Build.0 = Debug|Any CPU
		{9DC1406E-DFFF-9EC0-9588-E59AC9EE7BE9}.Release|Any CPU.ActiveCfg = Release|Any CPU
		{9DC1406E-DFFF-9EC0-9588-E59AC9EE7BE9}.Release|Any CPU.Build.0 = Release|Any CPU
		{167D981E-AB22-BEA6-5D97-C6C8C9AEDC04}.Debug|Any CPU.ActiveCfg = Debug|Any CPU
		{167D981E-AB22-BEA6-5D97-C6C8C9AEDC04}.Debug|Any CPU.Build.0 = Debug|Any CPU
		{167D981E-AB22-BEA6-5D97-C6C8C9AEDC04}.Release|Any CPU.ActiveCfg = Release|Any CPU
		{167D981E-AB22-BEA6-5D97-C6C8C9AEDC04}.Release|Any CPU.Build.0 = Release|Any CPU
		{B845D472-2A7D-7B15-BBB1-E99B1A002791}.Debug|Any CPU.ActiveCfg = Debug|Any CPU
		{B845D472-2A7D-7B15-BBB1-E99B1A002791}.Debug|Any CPU.Build.0 = Debug|Any CPU
		{B845D472-2A7D-7B15-BBB1-E99B1A002791}.Release|Any CPU.ActiveCfg = Release|Any CPU
		{B845D472-2A7D-7B15-BBB1-E99B1A002791}.Release|Any CPU.Build.0 = Release|Any CPU
		{672B1707-8395-CA1D-1F20-8A74D7B375A3}.Debug|Any CPU.ActiveCfg = Debug|Any CPU
		{672B1707-8395-CA1D-1F20-8A74D7B375A3}.Debug|Any CPU.Build.0 = Debug|Any CPU
		{672B1707-8395-CA1D-1F20-8A74D7B375A3}.Release|Any CPU.ActiveCfg = Release|Any CPU
		{672B1707-8395-CA1D-1F20-8A74D7B375A3}.Release|Any CPU.Build.0 = Release|Any CPU
		{E4784966-8537-5C3C-F498-1DF67041A5F5}.Debug|Any CPU.ActiveCfg = Debug|Any CPU
		{E4784966-8537-5C3C-F498-1DF67041A5F5}.Debug|Any CPU.Build.0 = Debug|Any CPU
		{E4784966-8537-5C3C-F498-1DF67041A5F5}.Release|Any CPU.ActiveCfg = Release|Any CPU
		{E4784966-8537-5C3C-F498-1DF67041A5F5}.Release|Any CPU.Build.0 = Release|Any CPU
		{45717CA0-093A-3711-230B-D488B3C63319}.Debug|Any CPU.ActiveCfg = Debug|Any CPU
		{45717CA0-093A-3711-230B-D488B3C63319}.Debug|Any CPU.Build.0 = Debug|Any CPU
		{45717CA0-093A-3711-230B-D488B3C63319}.Release|Any CPU.ActiveCfg = Release|Any CPU
		{45717CA0-093A-3711-230B-D488B3C63319}.Release|Any CPU.Build.0 = Release|Any CPU
		{746B102B-0971-3E97-A0FF-04460CE4A334}.Debug|Any CPU.ActiveCfg = Debug|Any CPU
		{746B102B-0971-3E97-A0FF-04460CE4A334}.Debug|Any CPU.Build.0 = Debug|Any CPU
		{746B102B-0971-3E97-A0FF-04460CE4A334}.Release|Any CPU.ActiveCfg = Release|Any CPU
		{746B102B-0971-3E97-A0FF-04460CE4A334}.Release|Any CPU.Build.0 = Release|Any CPU
		{533349ED-E4D9-A383-8B9F-12A22EB5E66D}.Debug|Any CPU.ActiveCfg = Debug|Any CPU
		{533349ED-E4D9-A383-8B9F-12A22EB5E66D}.Debug|Any CPU.Build.0 = Debug|Any CPU
		{533349ED-E4D9-A383-8B9F-12A22EB5E66D}.Release|Any CPU.ActiveCfg = Release|Any CPU
		{533349ED-E4D9-A383-8B9F-12A22EB5E66D}.Release|Any CPU.Build.0 = Release|Any CPU
		{6244C606-066F-24DF-D0E3-D8DC0216B50D}.Debug|Any CPU.ActiveCfg = Debug|Any CPU
		{6244C606-066F-24DF-D0E3-D8DC0216B50D}.Debug|Any CPU.Build.0 = Debug|Any CPU
		{6244C606-066F-24DF-D0E3-D8DC0216B50D}.Release|Any CPU.ActiveCfg = Release|Any CPU
		{6244C606-066F-24DF-D0E3-D8DC0216B50D}.Release|Any CPU.Build.0 = Release|Any CPU
		{764ED3A0-4B71-5E25-D172-7A0144834D34}.Debug|Any CPU.ActiveCfg = Debug|Any CPU
		{764ED3A0-4B71-5E25-D172-7A0144834D34}.Debug|Any CPU.Build.0 = Debug|Any CPU
		{764ED3A0-4B71-5E25-D172-7A0144834D34}.Release|Any CPU.ActiveCfg = Release|Any CPU
		{764ED3A0-4B71-5E25-D172-7A0144834D34}.Release|Any CPU.Build.0 = Release|Any CPU
		{73130426-3C87-B354-6C1B-112FF2ED68D5}.Debug|Any CPU.ActiveCfg = Debug|Any CPU
		{73130426-3C87-B354-6C1B-112FF2ED68D5}.Debug|Any CPU.Build.0 = Debug|Any CPU
		{73130426-3C87-B354-6C1B-112FF2ED68D5}.Release|Any CPU.ActiveCfg = Release|Any CPU
		{73130426-3C87-B354-6C1B-112FF2ED68D5}.Release|Any CPU.Build.0 = Release|Any CPU
		{ABF13431-09EC-E525-AC33-E36475B1B647}.Debug|Any CPU.ActiveCfg = Debug|Any CPU
		{ABF13431-09EC-E525-AC33-E36475B1B647}.Debug|Any CPU.Build.0 = Debug|Any CPU
		{ABF13431-09EC-E525-AC33-E36475B1B647}.Release|Any CPU.ActiveCfg = Release|Any CPU
		{ABF13431-09EC-E525-AC33-E36475B1B647}.Release|Any CPU.Build.0 = Release|Any CPU
		{F344DE9A-BBFF-BE7C-7C1E-8437B527D485}.Debug|Any CPU.ActiveCfg = Debug|Any CPU
		{F344DE9A-BBFF-BE7C-7C1E-8437B527D485}.Debug|Any CPU.Build.0 = Debug|Any CPU
		{F344DE9A-BBFF-BE7C-7C1E-8437B527D485}.Release|Any CPU.ActiveCfg = Release|Any CPU
		{F344DE9A-BBFF-BE7C-7C1E-8437B527D485}.Release|Any CPU.Build.0 = Release|Any CPU
		{17FFC74C-4EC6-AB3C-756C-A8818EE3D6B5}.Debug|Any CPU.ActiveCfg = Debug|Any CPU
		{17FFC74C-4EC6-AB3C-756C-A8818EE3D6B5}.Debug|Any CPU.Build.0 = Debug|Any CPU
		{17FFC74C-4EC6-AB3C-756C-A8818EE3D6B5}.Release|Any CPU.ActiveCfg = Release|Any CPU
		{17FFC74C-4EC6-AB3C-756C-A8818EE3D6B5}.Release|Any CPU.Build.0 = Release|Any CPU
		{9486D551-ADA9-61AB-4F3B-1824BB3A4F6F}.Debug|Any CPU.ActiveCfg = Debug|Any CPU
		{9486D551-ADA9-61AB-4F3B-1824BB3A4F6F}.Debug|Any CPU.Build.0 = Debug|Any CPU
		{9486D551-ADA9-61AB-4F3B-1824BB3A4F6F}.Release|Any CPU.ActiveCfg = Release|Any CPU
		{9486D551-ADA9-61AB-4F3B-1824BB3A4F6F}.Release|Any CPU.Build.0 = Release|Any CPU
		{208E4B67-9537-DE35-3F1F-0F14891752AA}.Debug|Any CPU.ActiveCfg = Debug|Any CPU
		{208E4B67-9537-DE35-3F1F-0F14891752AA}.Debug|Any CPU.Build.0 = Debug|Any CPU
		{208E4B67-9537-DE35-3F1F-0F14891752AA}.Release|Any CPU.ActiveCfg = Release|Any CPU
		{208E4B67-9537-DE35-3F1F-0F14891752AA}.Release|Any CPU.Build.0 = Release|Any CPU
		{96A26CDC-9AA0-E887-5F28-6BE050257ECA}.Debug|Any CPU.ActiveCfg = Debug|Any CPU
		{96A26CDC-9AA0-E887-5F28-6BE050257ECA}.Debug|Any CPU.Build.0 = Debug|Any CPU
		{96A26CDC-9AA0-E887-5F28-6BE050257ECA}.Release|Any CPU.ActiveCfg = Release|Any CPU
		{96A26CDC-9AA0-E887-5F28-6BE050257ECA}.Release|Any CPU.Build.0 = Release|Any CPU
		{40FAFE4D-2D92-EFDE-C646-F6BE658A163E}.Debug|Any CPU.ActiveCfg = Debug|Any CPU
		{40FAFE4D-2D92-EFDE-C646-F6BE658A163E}.Debug|Any CPU.Build.0 = Debug|Any CPU
		{40FAFE4D-2D92-EFDE-C646-F6BE658A163E}.Release|Any CPU.ActiveCfg = Release|Any CPU
		{40FAFE4D-2D92-EFDE-C646-F6BE658A163E}.Release|Any CPU.Build.0 = Release|Any CPU
		{D92822AE-8145-22E9-458E-A6AD109AB379}.Debug|Any CPU.ActiveCfg = Debug|Any CPU
		{D92822AE-8145-22E9-458E-A6AD109AB379}.Debug|Any CPU.Build.0 = Debug|Any CPU
		{D92822AE-8145-22E9-458E-A6AD109AB379}.Release|Any CPU.ActiveCfg = Release|Any CPU
		{D92822AE-8145-22E9-458E-A6AD109AB379}.Release|Any CPU.Build.0 = Release|Any CPU
		{6DE4A427-7F67-01F0-F109-11F92CE5AEE0}.Debug|Any CPU.ActiveCfg = Debug|Any CPU
		{6DE4A427-7F67-01F0-F109-11F92CE5AEE0}.Debug|Any CPU.Build.0 = Debug|Any CPU
		{6DE4A427-7F67-01F0-F109-11F92CE5AEE0}.Release|Any CPU.ActiveCfg = Release|Any CPU
		{6DE4A427-7F67-01F0-F109-11F92CE5AEE0}.Release|Any CPU.Build.0 = Release|Any CPU
		{706D9A0F-C0F7-471C-1FE5-748DAA8AD127}.Debug|Any CPU.ActiveCfg = Debug|Any CPU
		{706D9A0F-C0F7-471C-1FE5-748DAA8AD127}.Debug|Any CPU.Build.0 = Debug|Any CPU
		{706D9A0F-C0F7-471C-1FE5-748DAA8AD127}.Release|Any CPU.ActiveCfg = Release|Any CPU
		{706D9A0F-C0F7-471C-1FE5-748DAA8AD127}.Release|Any CPU.Build.0 = Release|Any CPU
		{73683E23-1988-62C7-7466-7C42DBBD2041}.Debug|Any CPU.ActiveCfg = Debug|Any CPU
		{73683E23-1988-62C7-7466-7C42DBBD2041}.Debug|Any CPU.Build.0 = Debug|Any CPU
		{73683E23-1988-62C7-7466-7C42DBBD2041}.Release|Any CPU.ActiveCfg = Release|Any CPU
		{73683E23-1988-62C7-7466-7C42DBBD2041}.Release|Any CPU.Build.0 = Release|Any CPU
		{ABB26C89-E014-94E3-D87B-C391FC29C37C}.Debug|Any CPU.ActiveCfg = Debug|Any CPU
		{ABB26C89-E014-94E3-D87B-C391FC29C37C}.Debug|Any CPU.Build.0 = Debug|Any CPU
		{ABB26C89-E014-94E3-D87B-C391FC29C37C}.Release|Any CPU.ActiveCfg = Release|Any CPU
		{ABB26C89-E014-94E3-D87B-C391FC29C37C}.Release|Any CPU.Build.0 = Release|Any CPU
		{EB7D937B-5485-35F9-2E3E-50296CB24096}.Debug|Any CPU.ActiveCfg = Debug|Any CPU
		{EB7D937B-5485-35F9-2E3E-50296CB24096}.Debug|Any CPU.Build.0 = Debug|Any CPU
		{EB7D937B-5485-35F9-2E3E-50296CB24096}.Release|Any CPU.ActiveCfg = Release|Any CPU
		{EB7D937B-5485-35F9-2E3E-50296CB24096}.Release|Any CPU.Build.0 = Release|Any CPU
		{0036F32E-A8A7-7810-52C1-743F75D2440C}.Debug|Any CPU.ActiveCfg = Debug|Any CPU
		{0036F32E-A8A7-7810-52C1-743F75D2440C}.Debug|Any CPU.Build.0 = Debug|Any CPU
		{0036F32E-A8A7-7810-52C1-743F75D2440C}.Release|Any CPU.ActiveCfg = Release|Any CPU
		{0036F32E-A8A7-7810-52C1-743F75D2440C}.Release|Any CPU.Build.0 = Release|Any CPU
		{866F7519-DBD6-BAA8-9D77-52C523870FB2}.Debug|Any CPU.ActiveCfg = Debug|Any CPU
		{866F7519-DBD6-BAA8-9D77-52C523870FB2}.Debug|Any CPU.Build.0 = Debug|Any CPU
		{866F7519-DBD6-BAA8-9D77-52C523870FB2}.Release|Any CPU.ActiveCfg = Release|Any CPU
		{866F7519-DBD6-BAA8-9D77-52C523870FB2}.Release|Any CPU.Build.0 = Release|Any CPU
		{0A7AEC58-98B6-24A2-8126-5EE9CF2AD170}.Debug|Any CPU.ActiveCfg = Debug|Any CPU
		{0A7AEC58-98B6-24A2-8126-5EE9CF2AD170}.Debug|Any CPU.Build.0 = Debug|Any CPU
		{0A7AEC58-98B6-24A2-8126-5EE9CF2AD170}.Release|Any CPU.ActiveCfg = Release|Any CPU
		{0A7AEC58-98B6-24A2-8126-5EE9CF2AD170}.Release|Any CPU.Build.0 = Release|Any CPU
		{166A55F0-F002-8701-B080-3F17FB65C5BD}.Debug|Any CPU.ActiveCfg = Debug|Any CPU
		{166A55F0-F002-8701-B080-3F17FB65C5BD}.Debug|Any CPU.Build.0 = Debug|Any CPU
		{166A55F0-F002-8701-B080-3F17FB65C5BD}.Release|Any CPU.ActiveCfg = Release|Any CPU
		{166A55F0-F002-8701-B080-3F17FB65C5BD}.Release|Any CPU.Build.0 = Release|Any CPU
		{3B700CE6-2AAC-855F-EC73-4B6C08256D8F}.Debug|Any CPU.ActiveCfg = Debug|Any CPU
		{3B700CE6-2AAC-855F-EC73-4B6C08256D8F}.Debug|Any CPU.Build.0 = Debug|Any CPU
		{3B700CE6-2AAC-855F-EC73-4B6C08256D8F}.Release|Any CPU.ActiveCfg = Release|Any CPU
		{3B700CE6-2AAC-855F-EC73-4B6C08256D8F}.Release|Any CPU.Build.0 = Release|Any CPU
		{392CCC69-7E8E-D804-04AD-6A513AE3518D}.Debug|Any CPU.ActiveCfg = Debug|Any CPU
		{392CCC69-7E8E-D804-04AD-6A513AE3518D}.Debug|Any CPU.Build.0 = Debug|Any CPU
		{392CCC69-7E8E-D804-04AD-6A513AE3518D}.Release|Any CPU.ActiveCfg = Release|Any CPU
		{392CCC69-7E8E-D804-04AD-6A513AE3518D}.Release|Any CPU.Build.0 = Release|Any CPU
		{506EDE06-DBFA-6E8B-545A-101055CD7A5A}.Debug|Any CPU.ActiveCfg = Debug|Any CPU
		{506EDE06-DBFA-6E8B-545A-101055CD7A5A}.Debug|Any CPU.Build.0 = Debug|Any CPU
		{506EDE06-DBFA-6E8B-545A-101055CD7A5A}.Release|Any CPU.ActiveCfg = Release|Any CPU
		{506EDE06-DBFA-6E8B-545A-101055CD7A5A}.Release|Any CPU.Build.0 = Release|Any CPU
		{F6DA7E70-F6E6-5328-A611-544B626AF85E}.Debug|Any CPU.ActiveCfg = Debug|Any CPU
		{F6DA7E70-F6E6-5328-A611-544B626AF85E}.Debug|Any CPU.Build.0 = Debug|Any CPU
		{F6DA7E70-F6E6-5328-A611-544B626AF85E}.Release|Any CPU.ActiveCfg = Release|Any CPU
		{F6DA7E70-F6E6-5328-A611-544B626AF85E}.Release|Any CPU.Build.0 = Release|Any CPU
		{89C26DCC-0B90-12EB-3B30-BFC6C195497C}.Debug|Any CPU.ActiveCfg = Debug|Any CPU
		{89C26DCC-0B90-12EB-3B30-BFC6C195497C}.Debug|Any CPU.Build.0 = Debug|Any CPU
		{89C26DCC-0B90-12EB-3B30-BFC6C195497C}.Release|Any CPU.ActiveCfg = Release|Any CPU
		{89C26DCC-0B90-12EB-3B30-BFC6C195497C}.Release|Any CPU.Build.0 = Release|Any CPU
		{F2F5DAC7-934A-4945-4913-32D3591ED52B}.Debug|Any CPU.ActiveCfg = Debug|Any CPU
		{F2F5DAC7-934A-4945-4913-32D3591ED52B}.Debug|Any CPU.Build.0 = Debug|Any CPU
		{F2F5DAC7-934A-4945-4913-32D3591ED52B}.Release|Any CPU.ActiveCfg = Release|Any CPU
		{F2F5DAC7-934A-4945-4913-32D3591ED52B}.Release|Any CPU.Build.0 = Release|Any CPU
		{358D1EBD-5C29-EF0B-59FF-A72DF05060BC}.Debug|Any CPU.ActiveCfg = Debug|Any CPU
		{358D1EBD-5C29-EF0B-59FF-A72DF05060BC}.Debug|Any CPU.Build.0 = Debug|Any CPU
		{358D1EBD-5C29-EF0B-59FF-A72DF05060BC}.Release|Any CPU.ActiveCfg = Release|Any CPU
		{358D1EBD-5C29-EF0B-59FF-A72DF05060BC}.Release|Any CPU.Build.0 = Release|Any CPU
		{DD1F5908-2D5A-5060-4E5C-76D62C647F00}.Debug|Any CPU.ActiveCfg = Debug|Any CPU
		{DD1F5908-2D5A-5060-4E5C-76D62C647F00}.Debug|Any CPU.Build.0 = Debug|Any CPU
		{DD1F5908-2D5A-5060-4E5C-76D62C647F00}.Release|Any CPU.ActiveCfg = Release|Any CPU
		{DD1F5908-2D5A-5060-4E5C-76D62C647F00}.Release|Any CPU.Build.0 = Release|Any CPU
		{A244D019-30EF-4B2A-B6E4-53B8DD8E051D}.Debug|Any CPU.ActiveCfg = Debug|Any CPU
		{A244D019-30EF-4B2A-B6E4-53B8DD8E051D}.Debug|Any CPU.Build.0 = Debug|Any CPU
		{A244D019-30EF-4B2A-B6E4-53B8DD8E051D}.Release|Any CPU.ActiveCfg = Release|Any CPU
		{A244D019-30EF-4B2A-B6E4-53B8DD8E051D}.Release|Any CPU.Build.0 = Release|Any CPU
		{A049E11F-F38A-66B5-006A-A07F6CA4648E}.Debug|Any CPU.ActiveCfg = Debug|Any CPU
		{A049E11F-F38A-66B5-006A-A07F6CA4648E}.Debug|Any CPU.Build.0 = Debug|Any CPU
		{A049E11F-F38A-66B5-006A-A07F6CA4648E}.Release|Any CPU.ActiveCfg = Release|Any CPU
		{A049E11F-F38A-66B5-006A-A07F6CA4648E}.Release|Any CPU.Build.0 = Release|Any CPU
		{84DDAE3D-2E85-44DE-C696-88A9AAC09F5E}.Debug|Any CPU.ActiveCfg = Debug|Any CPU
		{84DDAE3D-2E85-44DE-C696-88A9AAC09F5E}.Debug|Any CPU.Build.0 = Debug|Any CPU
		{84DDAE3D-2E85-44DE-C696-88A9AAC09F5E}.Release|Any CPU.ActiveCfg = Release|Any CPU
		{84DDAE3D-2E85-44DE-C696-88A9AAC09F5E}.Release|Any CPU.Build.0 = Release|Any CPU
		{F95A9CAA-98CC-A6CB-9083-7AACE8AE1664}.Debug|Any CPU.ActiveCfg = Debug|Any CPU
		{F95A9CAA-98CC-A6CB-9083-7AACE8AE1664}.Debug|Any CPU.Build.0 = Debug|Any CPU
		{F95A9CAA-98CC-A6CB-9083-7AACE8AE1664}.Release|Any CPU.ActiveCfg = Release|Any CPU
		{F95A9CAA-98CC-A6CB-9083-7AACE8AE1664}.Release|Any CPU.Build.0 = Release|Any CPU
		{3819D209-B695-C5D1-1FC0-CFA11926DD48}.Debug|Any CPU.ActiveCfg = Debug|Any CPU
		{3819D209-B695-C5D1-1FC0-CFA11926DD48}.Debug|Any CPU.Build.0 = Debug|Any CPU
		{3819D209-B695-C5D1-1FC0-CFA11926DD48}.Release|Any CPU.ActiveCfg = Release|Any CPU
		{3819D209-B695-C5D1-1FC0-CFA11926DD48}.Release|Any CPU.Build.0 = Release|Any CPU
		{F0BFE8AC-6B8C-2DF1-3589-1A727DEDD073}.Debug|Any CPU.ActiveCfg = Debug|Any CPU
		{F0BFE8AC-6B8C-2DF1-3589-1A727DEDD073}.Debug|Any CPU.Build.0 = Debug|Any CPU
		{F0BFE8AC-6B8C-2DF1-3589-1A727DEDD073}.Release|Any CPU.ActiveCfg = Release|Any CPU
		{F0BFE8AC-6B8C-2DF1-3589-1A727DEDD073}.Release|Any CPU.Build.0 = Release|Any CPU
		{AB62F03A-9FBD-AFC5-8042-D5DDE203A64B}.Debug|Any CPU.ActiveCfg = Debug|Any CPU
		{AB62F03A-9FBD-AFC5-8042-D5DDE203A64B}.Debug|Any CPU.Build.0 = Debug|Any CPU
		{AB62F03A-9FBD-AFC5-8042-D5DDE203A64B}.Release|Any CPU.ActiveCfg = Release|Any CPU
		{AB62F03A-9FBD-AFC5-8042-D5DDE203A64B}.Release|Any CPU.Build.0 = Release|Any CPU
		{C69A309A-4A5A-A580-DDCD-F0C1A5DFB5B1}.Debug|Any CPU.ActiveCfg = Debug|Any CPU
		{C69A309A-4A5A-A580-DDCD-F0C1A5DFB5B1}.Debug|Any CPU.Build.0 = Debug|Any CPU
		{C69A309A-4A5A-A580-DDCD-F0C1A5DFB5B1}.Release|Any CPU.ActiveCfg = Release|Any CPU
		{C69A309A-4A5A-A580-DDCD-F0C1A5DFB5B1}.Release|Any CPU.Build.0 = Release|Any CPU
		{A58205D6-3121-2B7E-8A33-0154C0574CE1}.Debug|Any CPU.ActiveCfg = Debug|Any CPU
		{A58205D6-3121-2B7E-8A33-0154C0574CE1}.Debug|Any CPU.Build.0 = Debug|Any CPU
		{A58205D6-3121-2B7E-8A33-0154C0574CE1}.Release|Any CPU.ActiveCfg = Release|Any CPU
		{A58205D6-3121-2B7E-8A33-0154C0574CE1}.Release|Any CPU.Build.0 = Release|Any CPU
		{B13D1419-F0A1-EAD1-4DDD-AC284E58838A}.Debug|Any CPU.ActiveCfg = Debug|Any CPU
		{B13D1419-F0A1-EAD1-4DDD-AC284E58838A}.Debug|Any CPU.Build.0 = Debug|Any CPU
		{B13D1419-F0A1-EAD1-4DDD-AC284E58838A}.Release|Any CPU.ActiveCfg = Release|Any CPU
		{B13D1419-F0A1-EAD1-4DDD-AC284E58838A}.Release|Any CPU.Build.0 = Release|Any CPU
		{D83B0303-029B-C02B-37DC-26F94ED4D61A}.Debug|Any CPU.ActiveCfg = Debug|Any CPU
		{D83B0303-029B-C02B-37DC-26F94ED4D61A}.Debug|Any CPU.Build.0 = Debug|Any CPU
		{D83B0303-029B-C02B-37DC-26F94ED4D61A}.Release|Any CPU.ActiveCfg = Release|Any CPU
		{D83B0303-029B-C02B-37DC-26F94ED4D61A}.Release|Any CPU.Build.0 = Release|Any CPU
		{6EDE4F39-CC21-8013-A0F9-B668715E0603}.Debug|Any CPU.ActiveCfg = Debug|Any CPU
		{6EDE4F39-CC21-8013-A0F9-B668715E0603}.Debug|Any CPU.Build.0 = Debug|Any CPU
		{6EDE4F39-CC21-8013-A0F9-B668715E0603}.Release|Any CPU.ActiveCfg = Release|Any CPU
		{6EDE4F39-CC21-8013-A0F9-B668715E0603}.Release|Any CPU.Build.0 = Release|Any CPU
		{F406C3D9-79F8-7CF0-C88A-2D8B5260D0EC}.Debug|Any CPU.ActiveCfg = Debug|Any CPU
		{F406C3D9-79F8-7CF0-C88A-2D8B5260D0EC}.Debug|Any CPU.Build.0 = Debug|Any CPU
		{F406C3D9-79F8-7CF0-C88A-2D8B5260D0EC}.Release|Any CPU.ActiveCfg = Release|Any CPU
		{F406C3D9-79F8-7CF0-C88A-2D8B5260D0EC}.Release|Any CPU.Build.0 = Release|Any CPU
		{82C5FF4B-1302-F5B0-AE04-6E816B8D320C}.Debug|Any CPU.ActiveCfg = Debug|Any CPU
		{82C5FF4B-1302-F5B0-AE04-6E816B8D320C}.Debug|Any CPU.Build.0 = Debug|Any CPU
		{82C5FF4B-1302-F5B0-AE04-6E816B8D320C}.Release|Any CPU.ActiveCfg = Release|Any CPU
		{82C5FF4B-1302-F5B0-AE04-6E816B8D320C}.Release|Any CPU.Build.0 = Release|Any CPU
		{B9307E9E-D8EC-71FC-4DF6-C25BC856952B}.Debug|Any CPU.ActiveCfg = Debug|Any CPU
		{B9307E9E-D8EC-71FC-4DF6-C25BC856952B}.Debug|Any CPU.Build.0 = Debug|Any CPU
		{B9307E9E-D8EC-71FC-4DF6-C25BC856952B}.Release|Any CPU.ActiveCfg = Release|Any CPU
		{B9307E9E-D8EC-71FC-4DF6-C25BC856952B}.Release|Any CPU.Build.0 = Release|Any CPU
		{CADC7F3E-D88B-5F1C-F23F-47621EA638AC}.Debug|Any CPU.ActiveCfg = Debug|Any CPU
		{CADC7F3E-D88B-5F1C-F23F-47621EA638AC}.Debug|Any CPU.Build.0 = Debug|Any CPU
		{CADC7F3E-D88B-5F1C-F23F-47621EA638AC}.Release|Any CPU.ActiveCfg = Release|Any CPU
		{CADC7F3E-D88B-5F1C-F23F-47621EA638AC}.Release|Any CPU.Build.0 = Release|Any CPU
		{BD083E45-84BD-6DBB-0B45-E886C02CF5B0}.Debug|Any CPU.ActiveCfg = Debug|Any CPU
		{BD083E45-84BD-6DBB-0B45-E886C02CF5B0}.Debug|Any CPU.Build.0 = Debug|Any CPU
		{BD083E45-84BD-6DBB-0B45-E886C02CF5B0}.Release|Any CPU.ActiveCfg = Release|Any CPU
		{BD083E45-84BD-6DBB-0B45-E886C02CF5B0}.Release|Any CPU.Build.0 = Release|Any CPU
		{84BE76B9-B558-4A68-34C3-A7DBD657D9AE}.Debug|Any CPU.ActiveCfg = Debug|Any CPU
		{84BE76B9-B558-4A68-34C3-A7DBD657D9AE}.Debug|Any CPU.Build.0 = Debug|Any CPU
		{84BE76B9-B558-4A68-34C3-A7DBD657D9AE}.Release|Any CPU.ActiveCfg = Release|Any CPU
		{84BE76B9-B558-4A68-34C3-A7DBD657D9AE}.Release|Any CPU.Build.0 = Release|Any CPU
		{EFDEDA22-7F98-E9CF-149C-F1C8A270C375}.Debug|Any CPU.ActiveCfg = Debug|Any CPU
		{EFDEDA22-7F98-E9CF-149C-F1C8A270C375}.Debug|Any CPU.Build.0 = Debug|Any CPU
		{EFDEDA22-7F98-E9CF-149C-F1C8A270C375}.Release|Any CPU.ActiveCfg = Release|Any CPU
		{EFDEDA22-7F98-E9CF-149C-F1C8A270C375}.Release|Any CPU.Build.0 = Release|Any CPU
		{2936648C-6AC0-92B7-EAA4-5CB9124C8D6B}.Debug|Any CPU.ActiveCfg = Debug|Any CPU
		{2936648C-6AC0-92B7-EAA4-5CB9124C8D6B}.Debug|Any CPU.Build.0 = Debug|Any CPU
		{2936648C-6AC0-92B7-EAA4-5CB9124C8D6B}.Release|Any CPU.ActiveCfg = Release|Any CPU
		{2936648C-6AC0-92B7-EAA4-5CB9124C8D6B}.Release|Any CPU.Build.0 = Release|Any CPU
		{BF34226A-2FF1-9758-7379-FD404FC4B7D0}.Debug|Any CPU.ActiveCfg = Debug|Any CPU
		{BF34226A-2FF1-9758-7379-FD404FC4B7D0}.Debug|Any CPU.Build.0 = Debug|Any CPU
		{BF34226A-2FF1-9758-7379-FD404FC4B7D0}.Release|Any CPU.ActiveCfg = Release|Any CPU
		{BF34226A-2FF1-9758-7379-FD404FC4B7D0}.Release|Any CPU.Build.0 = Release|Any CPU
		{72A7149C-E634-DE6E-2BD7-049CB2DFCCC4}.Debug|Any CPU.ActiveCfg = Debug|Any CPU
		{72A7149C-E634-DE6E-2BD7-049CB2DFCCC4}.Debug|Any CPU.Build.0 = Debug|Any CPU
		{72A7149C-E634-DE6E-2BD7-049CB2DFCCC4}.Release|Any CPU.ActiveCfg = Release|Any CPU
		{72A7149C-E634-DE6E-2BD7-049CB2DFCCC4}.Release|Any CPU.Build.0 = Release|Any CPU
		{7242BCE8-5F2F-FBC4-6ABF-1A874E9B3D61}.Debug|Any CPU.ActiveCfg = Debug|Any CPU
		{7242BCE8-5F2F-FBC4-6ABF-1A874E9B3D61}.Debug|Any CPU.Build.0 = Debug|Any CPU
		{7242BCE8-5F2F-FBC4-6ABF-1A874E9B3D61}.Release|Any CPU.ActiveCfg = Release|Any CPU
		{7242BCE8-5F2F-FBC4-6ABF-1A874E9B3D61}.Release|Any CPU.Build.0 = Release|Any CPU
		{E1894FD9-9CBE-B77B-7C63-8D6BA517781F}.Debug|Any CPU.ActiveCfg = Debug|Any CPU
		{E1894FD9-9CBE-B77B-7C63-8D6BA517781F}.Debug|Any CPU.Build.0 = Debug|Any CPU
		{E1894FD9-9CBE-B77B-7C63-8D6BA517781F}.Release|Any CPU.ActiveCfg = Release|Any CPU
		{E1894FD9-9CBE-B77B-7C63-8D6BA517781F}.Release|Any CPU.Build.0 = Release|Any CPU
		{E3214A67-4F3F-CE80-7179-0A0F8EE5A3E4}.Debug|Any CPU.ActiveCfg = Debug|Any CPU
		{E3214A67-4F3F-CE80-7179-0A0F8EE5A3E4}.Debug|Any CPU.Build.0 = Debug|Any CPU
		{E3214A67-4F3F-CE80-7179-0A0F8EE5A3E4}.Release|Any CPU.ActiveCfg = Release|Any CPU
		{E3214A67-4F3F-CE80-7179-0A0F8EE5A3E4}.Release|Any CPU.Build.0 = Release|Any CPU
		{1BFC3D0B-6E76-DF75-771A-9C82C33FAB5F}.Debug|Any CPU.ActiveCfg = Debug|Any CPU
		{1BFC3D0B-6E76-DF75-771A-9C82C33FAB5F}.Debug|Any CPU.Build.0 = Debug|Any CPU
		{1BFC3D0B-6E76-DF75-771A-9C82C33FAB5F}.Release|Any CPU.ActiveCfg = Release|Any CPU
		{1BFC3D0B-6E76-DF75-771A-9C82C33FAB5F}.Release|Any CPU.Build.0 = Release|Any CPU
		{B333A67C-D8A4-C229-D508-DF4CC1C399E5}.Debug|Any CPU.ActiveCfg = Debug|Any CPU
		{B333A67C-D8A4-C229-D508-DF4CC1C399E5}.Debug|Any CPU.Build.0 = Debug|Any CPU
		{B333A67C-D8A4-C229-D508-DF4CC1C399E5}.Release|Any CPU.ActiveCfg = Release|Any CPU
		{B333A67C-D8A4-C229-D508-DF4CC1C399E5}.Release|Any CPU.Build.0 = Release|Any CPU
		{7736929B-B501-CA14-7419-B4BE7AFB8EC1}.Debug|Any CPU.ActiveCfg = Debug|Any CPU
		{7736929B-B501-CA14-7419-B4BE7AFB8EC1}.Debug|Any CPU.Build.0 = Debug|Any CPU
		{7736929B-B501-CA14-7419-B4BE7AFB8EC1}.Release|Any CPU.ActiveCfg = Release|Any CPU
		{7736929B-B501-CA14-7419-B4BE7AFB8EC1}.Release|Any CPU.Build.0 = Release|Any CPU
		{07FB37EC-3315-D44D-E9B9-DD18EAA92ACB}.Debug|Any CPU.ActiveCfg = Debug|Any CPU
		{07FB37EC-3315-D44D-E9B9-DD18EAA92ACB}.Debug|Any CPU.Build.0 = Debug|Any CPU
		{07FB37EC-3315-D44D-E9B9-DD18EAA92ACB}.Release|Any CPU.ActiveCfg = Release|Any CPU
		{07FB37EC-3315-D44D-E9B9-DD18EAA92ACB}.Release|Any CPU.Build.0 = Release|Any CPU
		{758A0B38-D0F7-82C1-729D-1FAC394778A4}.Debug|Any CPU.ActiveCfg = Debug|Any CPU
		{758A0B38-D0F7-82C1-729D-1FAC394778A4}.Debug|Any CPU.Build.0 = Debug|Any CPU
		{758A0B38-D0F7-82C1-729D-1FAC394778A4}.Release|Any CPU.ActiveCfg = Release|Any CPU
		{758A0B38-D0F7-82C1-729D-1FAC394778A4}.Release|Any CPU.Build.0 = Release|Any CPU
		{F5C2A654-913F-4CFC-03F7-98358D50B5F6}.Debug|Any CPU.ActiveCfg = Debug|Any CPU
		{F5C2A654-913F-4CFC-03F7-98358D50B5F6}.Debug|Any CPU.Build.0 = Debug|Any CPU
		{F5C2A654-913F-4CFC-03F7-98358D50B5F6}.Release|Any CPU.ActiveCfg = Release|Any CPU
		{F5C2A654-913F-4CFC-03F7-98358D50B5F6}.Release|Any CPU.Build.0 = Release|Any CPU
		{7E2F1FB2-67C0-586D-0DEA-0673543D07EA}.Debug|Any CPU.ActiveCfg = Debug|Any CPU
		{7E2F1FB2-67C0-586D-0DEA-0673543D07EA}.Debug|Any CPU.Build.0 = Debug|Any CPU
		{7E2F1FB2-67C0-586D-0DEA-0673543D07EA}.Release|Any CPU.ActiveCfg = Release|Any CPU
		{7E2F1FB2-67C0-586D-0DEA-0673543D07EA}.Release|Any CPU.Build.0 = Release|Any CPU
		{C76A0463-E814-1414-80FC-EC9E4CD37409}.Debug|Any CPU.ActiveCfg = Debug|Any CPU
		{C76A0463-E814-1414-80FC-EC9E4CD37409}.Debug|Any CPU.Build.0 = Debug|Any CPU
		{C76A0463-E814-1414-80FC-EC9E4CD37409}.Release|Any CPU.ActiveCfg = Release|Any CPU
		{C76A0463-E814-1414-80FC-EC9E4CD37409}.Release|Any CPU.Build.0 = Release|Any CPU
		{400434F2-E07D-8748-0F59-B534EBE91410}.Debug|Any CPU.ActiveCfg = Debug|Any CPU
		{400434F2-E07D-8748-0F59-B534EBE91410}.Debug|Any CPU.Build.0 = Debug|Any CPU
		{400434F2-E07D-8748-0F59-B534EBE91410}.Release|Any CPU.ActiveCfg = Release|Any CPU
		{400434F2-E07D-8748-0F59-B534EBE91410}.Release|Any CPU.Build.0 = Release|Any CPU
		{82E6FC6F-452A-FD6C-94A5-FAB3993FDA83}.Debug|Any CPU.ActiveCfg = Debug|Any CPU
		{82E6FC6F-452A-FD6C-94A5-FAB3993FDA83}.Debug|Any CPU.Build.0 = Debug|Any CPU
		{82E6FC6F-452A-FD6C-94A5-FAB3993FDA83}.Release|Any CPU.ActiveCfg = Release|Any CPU
		{82E6FC6F-452A-FD6C-94A5-FAB3993FDA83}.Release|Any CPU.Build.0 = Release|Any CPU
		{A77C14F6-6FB2-477B-688E-412BD5BDBB2C}.Debug|Any CPU.ActiveCfg = Debug|Any CPU
		{A77C14F6-6FB2-477B-688E-412BD5BDBB2C}.Debug|Any CPU.Build.0 = Debug|Any CPU
		{A77C14F6-6FB2-477B-688E-412BD5BDBB2C}.Release|Any CPU.ActiveCfg = Release|Any CPU
		{A77C14F6-6FB2-477B-688E-412BD5BDBB2C}.Release|Any CPU.Build.0 = Release|Any CPU
		{630BFC12-BE76-B378-C6A4-F63D98B494A0}.Debug|Any CPU.ActiveCfg = Debug|Any CPU
		{630BFC12-BE76-B378-C6A4-F63D98B494A0}.Debug|Any CPU.Build.0 = Debug|Any CPU
		{630BFC12-BE76-B378-C6A4-F63D98B494A0}.Release|Any CPU.ActiveCfg = Release|Any CPU
		{630BFC12-BE76-B378-C6A4-F63D98B494A0}.Release|Any CPU.Build.0 = Release|Any CPU
		{91F85B50-CC11-758F-8EB9-F54EF4ABD9AE}.Debug|Any CPU.ActiveCfg = Debug|Any CPU
		{91F85B50-CC11-758F-8EB9-F54EF4ABD9AE}.Debug|Any CPU.Build.0 = Debug|Any CPU
		{91F85B50-CC11-758F-8EB9-F54EF4ABD9AE}.Release|Any CPU.ActiveCfg = Release|Any CPU
		{91F85B50-CC11-758F-8EB9-F54EF4ABD9AE}.Release|Any CPU.Build.0 = Release|Any CPU
		{A559D738-609B-E7DD-64FC-02D1A40B5353}.Debug|Any CPU.ActiveCfg = Debug|Any CPU
		{A559D738-609B-E7DD-64FC-02D1A40B5353}.Debug|Any CPU.Build.0 = Debug|Any CPU
		{A559D738-609B-E7DD-64FC-02D1A40B5353}.Release|Any CPU.ActiveCfg = Release|Any CPU
		{A559D738-609B-E7DD-64FC-02D1A40B5353}.Release|Any CPU.Build.0 = Release|Any CPU
		{897CA1EB-8D00-FD42-6F24-EF5FF21EBEED}.Debug|Any CPU.ActiveCfg = Debug|Any CPU
		{897CA1EB-8D00-FD42-6F24-EF5FF21EBEED}.Debug|Any CPU.Build.0 = Debug|Any CPU
		{897CA1EB-8D00-FD42-6F24-EF5FF21EBEED}.Release|Any CPU.ActiveCfg = Release|Any CPU
		{897CA1EB-8D00-FD42-6F24-EF5FF21EBEED}.Release|Any CPU.Build.0 = Release|Any CPU
		{E3CEB690-AFF0-6434-0AEC-953AFD702E4E}.Debug|Any CPU.ActiveCfg = Debug|Any CPU
		{E3CEB690-AFF0-6434-0AEC-953AFD702E4E}.Debug|Any CPU.Build.0 = Debug|Any CPU
		{E3CEB690-AFF0-6434-0AEC-953AFD702E4E}.Release|Any CPU.ActiveCfg = Release|Any CPU
		{E3CEB690-AFF0-6434-0AEC-953AFD702E4E}.Release|Any CPU.Build.0 = Release|Any CPU
		{BB60D7E5-B63E-CCE1-47D3-8827C4D97809}.Debug|Any CPU.ActiveCfg = Debug|Any CPU
		{BB60D7E5-B63E-CCE1-47D3-8827C4D97809}.Debug|Any CPU.Build.0 = Debug|Any CPU
		{BB60D7E5-B63E-CCE1-47D3-8827C4D97809}.Release|Any CPU.ActiveCfg = Release|Any CPU
		{BB60D7E5-B63E-CCE1-47D3-8827C4D97809}.Release|Any CPU.Build.0 = Release|Any CPU
		{7B5904D6-A6EE-3C48-9DF0-C12BBEB4069E}.Debug|Any CPU.ActiveCfg = Debug|Any CPU
		{7B5904D6-A6EE-3C48-9DF0-C12BBEB4069E}.Debug|Any CPU.Build.0 = Debug|Any CPU
		{7B5904D6-A6EE-3C48-9DF0-C12BBEB4069E}.Release|Any CPU.ActiveCfg = Release|Any CPU
		{7B5904D6-A6EE-3C48-9DF0-C12BBEB4069E}.Release|Any CPU.Build.0 = Release|Any CPU
	EndGlobalSection
	GlobalSection(SolutionProperties) = preSolution
		HideSolutionNode = FALSE
	EndGlobalSection
EndGlobal
